
Microsoft Visual Studio Solution File, Format Version 12.00
# Visual Studio 2012
Project("{FAE04EC0-301F-11D3-BF4B-00C04F79EFBC}") = "CheeseMVC", "Cheese\CheeseMVC.csproj", "{994E7587-243D-4118-B6E5-B2AC81801E55}"
EndProject
Global
	GlobalSection(SolutionConfigurationPlatforms) = preSolution
		Debug|Any CPU = Debug|Any CPU
		Release|Any CPU = Release|Any CPU
	EndGlobalSection
	GlobalSection(ProjectConfigurationPlatforms) = postSolution
		{994E7587-243D-4118-B6E5-B2AC81801E55}.Debug|Any CPU.ActiveCfg = Debug|Any CPU
		{994E7587-243D-4118-B6E5-B2AC81801E55}.Debug|Any CPU.Build.0 = Debug|Any CPU
		{994E7587-243D-4118-B6E5-B2AC81801E55}.Release|Any CPU.ActiveCfg = Release|Any CPU
		{994E7587-243D-4118-B6E5-B2AC81801E55}.Release|Any CPU.Build.0 = Release|Any CPU
	EndGlobalSection
EndGlobal
